{
  "name": "my-proyecto",
  "version": "1.0.0",
  "lockfileVersion": 2,
  "requires": true,
  "packages": {
    "": {
      "name": "my-proyecto",
      "version": "1.0.0",
      "license": "ISC",
      "dependencies": {
        "solar-calc": "^1.1.0"
      }
    },
    "node_modules/solar-calc": {
      "version": "1.1.0",
      "resolved": "https://registry.npmjs.org/solar-calc/-/solar-calc-1.1.0.tgz",
      "integrity": "sha512-bkYwmm/QILghNi3k3vikO3e2MNjyM20wsHY3GA854lNWnxKuJip04NjgjMhGuse6gxFdUa0PwiQTcaLJAJypSA=="
    }
  },
  "dependencies": {
    "solar-calc": {
      "version": "1.1.0",
      "resolved": "https://registry.npmjs.org/solar-calc/-/solar-calc-1.1.0.tgz",
      "integrity": "sha512-bkYwmm/QILghNi3k3vikO3e2MNjyM20wsHY3GA854lNWnxKuJip04NjgjMhGuse6gxFdUa0PwiQTcaLJAJypSA=="
    }
  }
}
